
Microsoft Visual Studio Solution File, Format Version 12.00
# Visual Studio Version 16
VisualStudioVersion = 16.0.31205.134
MinimumVisualStudioVersion = 10.0.40219.1
Project("{FAE04EC0-301F-11D3-BF4B-00C04F79EFBC}") = "Assignment5", "Assignment5\Assignment5.csproj", "{A77E5F1A-FB5F-4CEF-8B2E-025972DAC112}"
EndProject
Global
	GlobalSection(SolutionConfigurationPlatforms) = preSolution
		Debug|Any CPU = Debug|Any CPU
		Release|Any CPU = Release|Any CPU
	EndGlobalSection
	GlobalSection(ProjectConfigurationPlatforms) = postSolution
		{A77E5F1A-FB5F-4CEF-8B2E-025972DAC112}.Debug|Any CPU.ActiveCfg = Debug|Any CPU
		{A77E5F1A-FB5F-4CEF-8B2E-025972DAC112}.Debug|Any CPU.Build.0 = Debug|Any CPU
		{A77E5F1A-FB5F-4CEF-8B2E-025972DAC112}.Release|Any CPU.ActiveCfg = Release|Any CPU
		{A77E5F1A-FB5F-4CEF-8B2E-025972DAC112}.Release|Any CPU.Build.0 = Release|Any CPU
	EndGlobalSection
	GlobalSection(SolutionProperties) = preSolution
		HideSolutionNode = FALSE
	EndGlobalSection
	GlobalSection(ExtensibilityGlobals) = postSolution
		SolutionGuid = {B632B9FE-C476-4E7D-AE40-A8091935DAB8}
	EndGlobalSection
EndGlobal
