
Microsoft Visual Studio Solution File, Format Version 12.00
# Visual Studio Version 16
VisualStudioVersion = 16.0.31205.134
MinimumVisualStudioVersion = 10.0.40219.1
Project("{FAE04EC0-301F-11D3-BF4B-00C04F79EFBC}") = "Assignment14 - Method PartII", "Assignment14 - Method PartII\Assignment14 - Method PartII.csproj", "{0DDF1EAF-51A1-4454-AA23-7748B5FF0BC3}"
EndProject
Global
	GlobalSection(SolutionConfigurationPlatforms) = preSolution
		Debug|Any CPU = Debug|Any CPU
		Release|Any CPU = Release|Any CPU
	EndGlobalSection
	GlobalSection(ProjectConfigurationPlatforms) = postSolution
		{0DDF1EAF-51A1-4454-AA23-7748B5FF0BC3}.Debug|Any CPU.ActiveCfg = Debug|Any CPU
		{0DDF1EAF-51A1-4454-AA23-7748B5FF0BC3}.Debug|Any CPU.Build.0 = Debug|Any CPU
		{0DDF1EAF-51A1-4454-AA23-7748B5FF0BC3}.Release|Any CPU.ActiveCfg = Release|Any CPU
		{0DDF1EAF-51A1-4454-AA23-7748B5FF0BC3}.Release|Any CPU.Build.0 = Release|Any CPU
	EndGlobalSection
	GlobalSection(SolutionProperties) = preSolution
		HideSolutionNode = FALSE
	EndGlobalSection
	GlobalSection(ExtensibilityGlobals) = postSolution
		SolutionGuid = {B218D716-447D-474B-B134-D510E04B2B44}
	EndGlobalSection
EndGlobal
